
Microsoft Visual Studio Solution File, Format Version 12.00
# Visual Studio Version 17
VisualStudioVersion = 17.9.34714.143
MinimumVisualStudioVersion = 10.0.40219.1
Project("{FAE04EC0-301F-11D3-BF4B-00C04F79EFBC}") = "Atividades_Robison_1", "Atividades_Robison_1.csproj", "{DC8413AD-BD67-43E4-837C-88446E0744B9}"
EndProject
Global
	GlobalSection(SolutionConfigurationPlatforms) = preSolution
		Debug|Any CPU = Debug|Any CPU
		Release|Any CPU = Release|Any CPU
	EndGlobalSection
	GlobalSection(ProjectConfigurationPlatforms) = postSolution
		{DC8413AD-BD67-43E4-837C-88446E0744B9}.Debug|Any CPU.ActiveCfg = Debug|Any CPU
		{DC8413AD-BD67-43E4-837C-88446E0744B9}.Debug|Any CPU.Build.0 = Debug|Any CPU
		{DC8413AD-BD67-43E4-837C-88446E0744B9}.Release|Any CPU.ActiveCfg = Release|Any CPU
		{DC8413AD-BD67-43E4-837C-88446E0744B9}.Release|Any CPU.Build.0 = Release|Any CPU
	EndGlobalSection
	GlobalSection(SolutionProperties) = preSolution
		HideSolutionNode = FALSE
	EndGlobalSection
	GlobalSection(ExtensibilityGlobals) = postSolution
		SolutionGuid = {3C769505-7636-4D19-A710-37C2D3035671}
	EndGlobalSection
EndGlobal
